github.com/debarshibasak/go-k3s v1.0.4 h1:XHCk2/oY74q+Pf3qtjjcM8bInvzMIGjNUYeYjP/vt9Q=
github.com/debarshibasak/go-k3s v1.0.4/go.mod h1:2sPmOLH1ejqL5NKWyTnGMPQ4TGJmF10P6/UyD1PywGY=
github.com/debarshibasak/go-kubeadmclient v1.1.3 h1:9r19pT1NmWpnitktt2luSrAZvy6TlIfaFbJgsUbCKiI=
github.com/debarshibasak/go-kubeadmclient v1.1.3/go.mod h1:FbSSk/XJ2QALCClWlroMGtxKxQledmXZeWj5xHfV2/E=
github.com/debarshibasak/go-multipass v1.0.5 h1:V7emd0i0qySy5/xISY1rTDcbhWDMmmDndKQWlXReKvs=
github.com/debarshibasak/go-multipass v1.0.5/go.mod h1:b0JjZSmbnrGrnsD/vtESeBM6W3PLqRweVjU2xbbFISA=
github.com/debarshibasak/machina v1.0.11 h1:HSGfJsj4Wqzveq+dYdRpr+CI+mPA3nrTU/u+piMQ7sU=
github.com/debarshibasak/machina v1.0.11/go.mod h1:ZxLScO0CcdqDdtTzXspz1QfupfeB08B8uPqk/9NkkVQ=
github.com/debarshibasak/machina v1.0.12 h1:Wl7QPxlLoGnPrcCltmayl3opiFz8Hisq3qENp+vffMY=
github.com/debarshibasak/machina v1.0.12/go.mod h1:ZxLScO0CcdqDdtTzXspz1QfupfeB08B8uPqk/9NkkVQ=
github.com/ghodss/yaml v1.0.0 h1:wQHKEahhL6wmXdzwWG11gIVCkOv05bNOh+Rxn0yngAk=
github.com/ghodss/yaml v1.0.0/go.mod h1:4dBDuWmgqj2HViK6kFavaiC9ZROes6MMH2rRYeMEF04=
github.com/google/uuid v1.1.1 h1:Gkbcsh/GbpXz7lPftLA3P6TYMwjCLYm83jiFQZF/3gY=
github.com/google/uuid v1.1.1/go.mod h1:TIyPZe4MgqvfeYDBFedMoGGpEw/LqOeaOT+nhxU+yHo=
golang.org/x/crypto v0.0.0-20190308221718-c2843e01d9a2/go.mod h1:djNgcEr1/C05ACkg1iLfiJU5Ep61QUkGW8qpdssI0+w=
golang.org/x/crypto v0.0.0-20200221231518-2aa609cf4a9d/go.mod h1:LzIPMQfyMNhhGPhUkYOs5KpL4U8rLKemX1yGLhDgUto=
golang.org/x/crypto v0.0.0-20200323165209-0ec3e9974c59 h1:3zb4D3T4G8jdExgVU/95+vQXfpEPiMdCaZgmGVxjNHM=
golang.org/x/crypto v0.0.0-20200323165209-0ec3e9974c59/go.mod h1:LzIPMQfyMNhhGPhUkYOs5KpL4U8rLKemX1yGLhDgUto=
golang.org/x/net v0.0.0-20190404232315-eb5bcb51f2a3 h1:0GoQqolDA55aaLxZyTzK/Y2ePZzZTUrRacwib7cNsYQ=
golang.org/x/net v0.0.0-20190404232315-eb5bcb51f2a3/go.mod h1:t9HGtf8HONx5eT2rtn7q6eTqICYqUVnKs3thJo3Qplg=
golang.org/x/sync v0.0.0-20200317015054-43a5402ce75a h1:WXEvlFVvvGxCJLG6REjsT03iWnKLEWinaScsxF2Vm2o=
golang.org/x/sync v0.0.0-20200317015054-43a5402ce75a/go.mod h1:RxMgew5VJxzue5/jJTE5uejpjVlOe/izrB70Jof72aM=
golang.org/x/sys v0.0.0-20190215142949-d0b11bdaac8a/go.mod h1:STP8DvDyc/dI5b8T5hshtkjS+E42TnysNCUPdjciGhY=
golang.org/x/sys v0.0.0-20190412213103-97732733099d h1:+R4KGOnez64A81RvjARKc4UT5/tI9ujCIVX+P5KiHuI=
golang.org/x/sys v0.0.0-20190412213103-97732733099d/go.mod h1:h1NjWce9XRLGQEsW7wpKNCjG9DtNlClVuFLEZdDNbEs=
golang.org/x/text v0.3.0/go.mod h1:NqM8EUOU14njkJ3fqMW+pc6Ldnwhi/IjpwHt7yyuwOQ=
gopkg.in/check.v1 v0.0.0-20161208181325-20d25e280405 h1:yhCVgyC4o1eVCa2tZl7eS0r+SDo693bJlVdllGtEeKM=
gopkg.in/check.v1 v0.0.0-20161208181325-20d25e280405/go.mod h1:Co6ibVJAznAaIkqp8huTwlJQCZ016jof/cbN4VW5Yz0=
gopkg.in/yaml.v2 v2.2.8 h1:obN1ZagJSUGI0Ek/LBmuj4SNLPfIny3KsKFopxRdj10=
gopkg.in/yaml.v2 v2.2.8/go.mod h1:hI93XBmqTisBFMUTm0b8Fm+jr3Dg1NNxqwp+5A1VGuI=
